
Microsoft Visual Studio Solution File, Format Version 12.00
# Visual Studio 15
VisualStudioVersion = 15.0.27428.2002
MinimumVisualStudioVersion = 10.0.40219.1
Project("{FAE04EC0-301F-11D3-BF4B-00C04F79EFBC}") = "P1", "P1\P1.csproj", "{EE3E1B31-22C5-491B-BA53-7B091668F109}"
EndProject
Project("{E53339B2-1760-4266-BCC7-CA923CBCF16C}") = "docker-compose", "docker-compose.dcproj", "{C4B6630C-C007-45DF-8345-377CD40606AF}"
EndProject
Global
	GlobalSection(SolutionConfigurationPlatforms) = preSolution
		Debug|Any CPU = Debug|Any CPU
		Release|Any CPU = Release|Any CPU
	EndGlobalSection
	GlobalSection(ProjectConfigurationPlatforms) = postSolution
		{EE3E1B31-22C5-491B-BA53-7B091668F109}.Debug|Any CPU.ActiveCfg = Debug|Any CPU
		{EE3E1B31-22C5-491B-BA53-7B091668F109}.Debug|Any CPU.Build.0 = Debug|Any CPU
		{EE3E1B31-22C5-491B-BA53-7B091668F109}.Release|Any CPU.ActiveCfg = Release|Any CPU
		{EE3E1B31-22C5-491B-BA53-7B091668F109}.Release|Any CPU.Build.0 = Release|Any CPU
		{C4B6630C-C007-45DF-8345-377CD40606AF}.Debug|Any CPU.ActiveCfg = Debug|Any CPU
		{C4B6630C-C007-45DF-8345-377CD40606AF}.Debug|Any CPU.Build.0 = Debug|Any CPU
		{C4B6630C-C007-45DF-8345-377CD40606AF}.Release|Any CPU.ActiveCfg = Release|Any CPU
		{C4B6630C-C007-45DF-8345-377CD40606AF}.Release|Any CPU.Build.0 = Release|Any CPU
	EndGlobalSection
	GlobalSection(SolutionProperties) = preSolution
		HideSolutionNode = FALSE
	EndGlobalSection
	GlobalSection(ExtensibilityGlobals) = postSolution
		SolutionGuid = {882B4275-E28F-45DD-8A66-32FC19705D13}
	EndGlobalSection
EndGlobal
