
Microsoft Visual Studio Solution File, Format Version 12.00
# Visual Studio 15
VisualStudioVersion = 15.0.27428.2002
MinimumVisualStudioVersion = 10.0.40219.1
Project("{9A19103F-16F7-4668-BE54-9A1E7A4F7556}") = "QA.V3.Web", "QA.V3.Web\QA.V3.Web.csproj", "{59659106-B7AF-49A3-B5BA-9ADFD5C37C09}"
	ProjectSection(ProjectDependencies) = postProject
		{01960F79-9872-4759-8462-B7C97A3164E9} = {01960F79-9872-4759-8462-B7C97A3164E9}
	EndProjectSection
EndProject
Project("{FAE04EC0-301F-11D3-BF4B-00C04F79EFBC}") = "QA.Core", "QA.Core\QA.Core.csproj", "{01960F79-9872-4759-8462-B7C97A3164E9}"
EndProject
Project("{FAE04EC0-301F-11D3-BF4B-00C04F79EFBC}") = "StravaApi", "StravaApi\StravaApi.csproj", "{1C9503C5-150F-41FA-970E-467329D7765C}"
EndProject
Global
	GlobalSection(SolutionConfigurationPlatforms) = preSolution
		Debug|Any CPU = Debug|Any CPU
		Release|Any CPU = Release|Any CPU
	EndGlobalSection
	GlobalSection(ProjectConfigurationPlatforms) = postSolution
		{59659106-B7AF-49A3-B5BA-9ADFD5C37C09}.Debug|Any CPU.ActiveCfg = Debug|Any CPU
		{59659106-B7AF-49A3-B5BA-9ADFD5C37C09}.Debug|Any CPU.Build.0 = Debug|Any CPU
		{59659106-B7AF-49A3-B5BA-9ADFD5C37C09}.Release|Any CPU.ActiveCfg = Release|Any CPU
		{59659106-B7AF-49A3-B5BA-9ADFD5C37C09}.Release|Any CPU.Build.0 = Release|Any CPU
		{01960F79-9872-4759-8462-B7C97A3164E9}.Debug|Any CPU.ActiveCfg = Debug|Any CPU
		{01960F79-9872-4759-8462-B7C97A3164E9}.Debug|Any CPU.Build.0 = Debug|Any CPU
		{01960F79-9872-4759-8462-B7C97A3164E9}.Release|Any CPU.ActiveCfg = Release|Any CPU
		{01960F79-9872-4759-8462-B7C97A3164E9}.Release|Any CPU.Build.0 = Release|Any CPU
		{1C9503C5-150F-41FA-970E-467329D7765C}.Debug|Any CPU.ActiveCfg = Debug|Any CPU
		{1C9503C5-150F-41FA-970E-467329D7765C}.Debug|Any CPU.Build.0 = Debug|Any CPU
		{1C9503C5-150F-41FA-970E-467329D7765C}.Release|Any CPU.ActiveCfg = Release|Any CPU
		{1C9503C5-150F-41FA-970E-467329D7765C}.Release|Any CPU.Build.0 = Release|Any CPU
	EndGlobalSection
	GlobalSection(SolutionProperties) = preSolution
		HideSolutionNode = FALSE
	EndGlobalSection
	GlobalSection(ExtensibilityGlobals) = postSolution
		SolutionGuid = {C186C888-16D9-4483-B783-30330CE25B3D}
	EndGlobalSection
EndGlobal
